
Microsoft Visual Studio Solution File, Format Version 12.00
# Visual Studio 15
VisualStudioVersion = 15.0.27130.2036
MinimumVisualStudioVersion = 10.0.40219.1
Project("{FAE04EC0-301F-11D3-BF4B-00C04F79EFBC}") = "WebApp", "WebApplication1\WebApp.csproj", "{31D3E699-5452-4FF6-9380-8E9E681D491D}"
EndProject
Global
	GlobalSection(SolutionConfigurationPlatforms) = preSolution
		Debug|Any CPU = Debug|Any CPU
		Release|Any CPU = Release|Any CPU
	EndGlobalSection
	GlobalSection(ProjectConfigurationPlatforms) = postSolution
		{31D3E699-5452-4FF6-9380-8E9E681D491D}.Debug|Any CPU.ActiveCfg = Debug|Any CPU
		{31D3E699-5452-4FF6-9380-8E9E681D491D}.Debug|Any CPU.Build.0 = Debug|Any CPU
		{31D3E699-5452-4FF6-9380-8E9E681D491D}.Release|Any CPU.ActiveCfg = Release|Any CPU
		{31D3E699-5452-4FF6-9380-8E9E681D491D}.Release|Any CPU.Build.0 = Release|Any CPU
	EndGlobalSection
	GlobalSection(SolutionProperties) = preSolution
		HideSolutionNode = FALSE
	EndGlobalSection
	GlobalSection(ExtensibilityGlobals) = postSolution
		SolutionGuid = {A3F53FF8-E5BB-418B-9A9B-C1AC8A303F81}
	EndGlobalSection
EndGlobal
